// !$*UTF8*$!
{
	archiveVersion = 1;
	classes = {
	};
	objectVersion = 46;
	objects = {

/* Begin PBXBuildFile section */
		AC15B3E91D74FB9600790E37 /* ListaViewController.swift in Sources */ = {isa = PBXBuildFile; fileRef = AC15B3E81D74FB9600790E37 /* ListaViewController.swift */; };
		AC4DB5B71D65280000FBC4A2 /* LoginViewController.swift in Sources */ = {isa = PBXBuildFile; fileRef = AC4DB5B61D65280000FBC4A2 /* LoginViewController.swift */; };
		AC4DB5C01D6541E900FBC4A2 /* CadastroViewController.swift in Sources */ = {isa = PBXBuildFile; fileRef = AC4DB5BF1D6541E900FBC4A2 /* CadastroViewController.swift */; };
		AC4DB5C41D65475D00FBC4A2 /* background.swift in Sources */ = {isa = PBXBuildFile; fileRef = AC4DB5C31D65475D00FBC4A2 /* background.swift */; };
		AC4DB5CA1D6548C800FBC4A2 /* navigationImage.swift in Sources */ = {isa = PBXBuildFile; fileRef = AC4DB5C91D6548C800FBC4A2 /* navigationImage.swift */; };
		AC52442E1D71F168008055D8 /* FutAnotation.swift in Sources */ = {isa = PBXBuildFile; fileRef = AC52442D1D71F168008055D8 /* FutAnotation.swift */; };
		AC5A0D671D6E602100188B56 /* MapViewController.swift in Sources */ = {isa = PBXBuildFile; fileRef = AC5A0D661D6E602100188B56 /* MapViewController.swift */; };
		AC5A0D691D6E608D00188B56 /* CoreLocation.framework in Frameworks */ = {isa = PBXBuildFile; fileRef = AC5A0D681D6E608D00188B56 /* CoreLocation.framework */; };
		AC5A0D6B1D6E60A100188B56 /* MapKit.framework in Frameworks */ = {isa = PBXBuildFile; fileRef = AC5A0D6A1D6E60A100188B56 /* MapKit.framework */; };
		AC5A0D6D1D6E7A0600188B56 /* Jogador.swift in Sources */ = {isa = PBXBuildFile; fileRef = AC5A0D6C1D6E7A0600188B56 /* Jogador.swift */; };
		AC5A0D6F1D6E7A2B00188B56 /* Quadra.swift in Sources */ = {isa = PBXBuildFile; fileRef = AC5A0D6E1D6E7A2B00188B56 /* Quadra.swift */; };
		AC714E641DA86FF500A0ABFD /* PerfilViewController.swift in Sources */ = {isa = PBXBuildFile; fileRef = AC714E631DA86FF500A0ABFD /* PerfilViewController.swift */; };
		AC72EC001D62881100A657A5 /* AppDelegate.swift in Sources */ = {isa = PBXBuildFile; fileRef = AC72EBFF1D62881100A657A5 /* AppDelegate.swift */; };
		AC72EC051D62881100A657A5 /* Main.storyboard in Resources */ = {isa = PBXBuildFile; fileRef = AC72EC031D62881100A657A5 /* Main.storyboard */; };
		AC72EC071D62881100A657A5 /* Assets.xcassets in Resources */ = {isa = PBXBuildFile; fileRef = AC72EC061D62881100A657A5 /* Assets.xcassets */; };
		AC72EC0A1D62881100A657A5 /* LaunchScreen.storyboard in Resources */ = {isa = PBXBuildFile; fileRef = AC72EC081D62881100A657A5 /* LaunchScreen.storyboard */; };
		AC72EC151D62881100A657A5 /* thomasfiapTests.swift in Sources */ = {isa = PBXBuildFile; fileRef = AC72EC141D62881100A657A5 /* thomasfiapTests.swift */; };
		AC72EC201D62881100A657A5 /* thomasfiapUITests.swift in Sources */ = {isa = PBXBuildFile; fileRef = AC72EC1F1D62881100A657A5 /* thomasfiapUITests.swift */; };
		ACB85D531DAC707F00CCFF2D /* thomas.png in Resources */ = {isa = PBXBuildFile; fileRef = ACB85D521DAC707F00CCFF2D /* thomas.png */; };
		ACE2CD051D6BDDBB00182658 /* bora-jogar.png in Resources */ = {isa = PBXBuildFile; fileRef = ACE2CD031D6BDDBB00182658 /* bora-jogar.png */; };
		ACE2CD061D6BDDBB00182658 /* Champions-League-8.jpg in Resources */ = {isa = PBXBuildFile; fileRef = ACE2CD041D6BDDBB00182658 /* Champions-League-8.jpg */; };
/* End PBXBuildFile section */

/* Begin PBXContainerItemProxy section */
		AC72EC111D62881100A657A5 /* PBXContainerItemProxy */ = {
			isa = PBXContainerItemProxy;
			containerPortal = AC72EBF41D62881100A657A5 /* Project object */;
			proxyType = 1;
			remoteGlobalIDString = AC72EBFB1D62881100A657A5;
			remoteInfo = thomasfiap;
		};
		AC72EC1C1D62881100A657A5 /* PBXContainerItemProxy */ = {
			isa = PBXContainerItemProxy;
			containerPortal = AC72EBF41D62881100A657A5 /* Project object */;
			proxyType = 1;
			remoteGlobalIDString = AC72EBFB1D62881100A657A5;
			remoteInfo = thomasfiap;
		};
/* End PBXContainerItemProxy section */

/* Begin PBXFileReference section */
		AC15B3E81D74FB9600790E37 /* ListaViewController.swift */ = {isa = PBXFileReference; fileEncoding = 4; lastKnownFileType = sourcecode.swift; path = ListaViewController.swift; sourceTree = "<group>"; };
		AC4DB5B61D65280000FBC4A2 /* LoginViewController.swift */ = {isa = PBXFileReference; fileEncoding = 4; lastKnownFileType = sourcecode.swift; path = LoginViewController.swift; sourceTree = "<group>"; };
		AC4DB5BF1D6541E900FBC4A2 /* CadastroViewController.swift */ = {isa = PBXFileReference; fileEncoding = 4; lastKnownFileType = sourcecode.swift; path = CadastroViewController.swift; sourceTree = "<group>"; };
		AC4DB5C31D65475D00FBC4A2 /* background.swift */ = {isa = PBXFileReference; fileEncoding = 4; lastKnownFileType = sourcecode.swift; path = background.swift; sourceTree = "<group>"; };
		AC4DB5C91D6548C800FBC4A2 /* navigationImage.swift */ = {isa = PBXFileReference; fileEncoding = 4; lastKnownFileType = sourcecode.swift; path = navigationImage.swift; sourceTree = "<group>"; };
		AC52442D1D71F168008055D8 /* FutAnotation.swift */ = {isa = PBXFileReference; fileEncoding = 4; lastKnownFileType = sourcecode.swift; path = FutAnotation.swift; sourceTree = "<group>"; };
		AC5A0D661D6E602100188B56 /* MapViewController.swift */ = {isa = PBXFileReference; fileEncoding = 4; lastKnownFileType = sourcecode.swift; path = MapViewController.swift; sourceTree = "<group>"; };
		AC5A0D681D6E608D00188B56 /* CoreLocation.framework */ = {isa = PBXFileReference; lastKnownFileType = wrapper.framework; name = CoreLocation.framework; path = System/Library/Frameworks/CoreLocation.framework; sourceTree = SDKROOT; };
		AC5A0D6A1D6E60A100188B56 /* MapKit.framework */ = {isa = PBXFileReference; lastKnownFileType = wrapper.framework; name = MapKit.framework; path = System/Library/Frameworks/MapKit.framework; sourceTree = SDKROOT; };
		AC5A0D6C1D6E7A0600188B56 /* Jogador.swift */ = {isa = PBXFileReference; fileEncoding = 4; lastKnownFileType = sourcecode.swift; path = Jogador.swift; sourceTree = "<group>"; };
		AC5A0D6E1D6E7A2B00188B56 /* Quadra.swift */ = {isa = PBXFileReference; fileEncoding = 4; lastKnownFileType = sourcecode.swift; path = Quadra.swift; sourceTree = "<group>"; };
		AC714E631DA86FF500A0ABFD /* PerfilViewController.swift */ = {isa = PBXFileReference; fileEncoding = 4; lastKnownFileType = sourcecode.swift; path = PerfilViewController.swift; sourceTree = "<group>"; };
		AC72EBFC1D62881100A657A5 /* thomasfiap.app */ = {isa = PBXFileReference; explicitFileType = wrapper.application; includeInIndex = 0; path = thomasfiap.app; sourceTree = BUILT_PRODUCTS_DIR; };
		AC72EBFF1D62881100A657A5 /* AppDelegate.swift */ = {isa = PBXFileReference; lastKnownFileType = sourcecode.swift; path = AppDelegate.swift; sourceTree = "<group>"; };
		AC72EC041D62881100A657A5 /* Base */ = {isa = PBXFileReference; lastKnownFileType = file.storyboard; name = Base; path = Base.lproj/Main.storyboard; sourceTree = "<group>"; };
		AC72EC061D62881100A657A5 /* Assets.xcassets */ = {isa = PBXFileReference; lastKnownFileType = folder.assetcatalog; path = Assets.xcassets; sourceTree = "<group>"; };
		AC72EC091D62881100A657A5 /* Base */ = {isa = PBXFileReference; lastKnownFileType = file.storyboard; name = Base; path = Base.lproj/LaunchScreen.storyboard; sourceTree = "<group>"; };
		AC72EC0B1D62881100A657A5 /* Info.plist */ = {isa = PBXFileReference; lastKnownFileType = text.plist.xml; path = Info.plist; sourceTree = "<group>"; };
		AC72EC101D62881100A657A5 /* thomasfiapTests.xctest */ = {isa = PBXFileReference; explicitFileType = wrapper.cfbundle; includeInIndex = 0; path = thomasfiapTests.xctest; sourceTree = BUILT_PRODUCTS_DIR; };
		AC72EC141D62881100A657A5 /* thomasfiapTests.swift */ = {isa = PBXFileReference; lastKnownFileType = sourcecode.swift; path = thomasfiapTests.swift; sourceTree = "<group>"; };
		AC72EC161D62881100A657A5 /* Info.plist */ = {isa = PBXFileReference; lastKnownFileType = text.plist.xml; path = Info.plist; sourceTree = "<group>"; };
		AC72EC1B1D62881100A657A5 /* thomasfiapUITests.xctest */ = {isa = PBXFileReference; explicitFileType = wrapper.cfbundle; includeInIndex = 0; path = thomasfiapUITests.xctest; sourceTree = BUILT_PRODUCTS_DIR; };
		AC72EC1F1D62881100A657A5 /* thomasfiapUITests.swift */ = {isa = PBXFileReference; lastKnownFileType = sourcecode.swift; path = thomasfiapUITests.swift; sourceTree = "<group>"; };
		AC72EC211D62881100A657A5 /* Info.plist */ = {isa = PBXFileReference; lastKnownFileType = text.plist.xml; path = Info.plist; sourceTree = "<group>"; };
		ACB85D521DAC707F00CCFF2D /* thomas.png */ = {isa = PBXFileReference; lastKnownFileType = image.png; name = thomas.png; path = ../../thomas.png; sourceTree = "<group>"; };
		ACE2CD031D6BDDBB00182658 /* bora-jogar.png */ = {isa = PBXFileReference; lastKnownFileType = image.png; path = "bora-jogar.png"; sourceTree = "<group>"; };
		ACE2CD041D6BDDBB00182658 /* Champions-League-8.jpg */ = {isa = PBXFileReference; lastKnownFileType = image.jpeg; path = "Champions-League-8.jpg"; sourceTree = "<group>"; };
/* End PBXFileReference section */

/* Begin PBXFrameworksBuildPhase section */
		AC72EBF91D62881100A657A5 /* Frameworks */ = {
			isa = PBXFrameworksBuildPhase;
			buildActionMask = 2147483647;
			files = (
				AC5A0D6B1D6E60A100188B56 /* MapKit.framework in Frameworks */,
				AC5A0D691D6E608D00188B56 /* CoreLocation.framework in Frameworks */,
			);
			runOnlyForDeploymentPostprocessing = 0;
		};
		AC72EC0D1D62881100A657A5 /* Frameworks */ = {
			isa = PBXFrameworksBuildPhase;
			buildActionMask = 2147483647;
			files = (
			);
			runOnlyForDeploymentPostprocessing = 0;
		};
		AC72EC181D62881100A657A5 /* Frameworks */ = {
			isa = PBXFrameworksBuildPhase;
			buildActionMask = 2147483647;
			files = (
			);
			runOnlyForDeploymentPostprocessing = 0;
		};
/* End PBXFrameworksBuildPhase section */

/* Begin PBXGroup section */
		AC4DB5B81D65284100FBC4A2 /* Image */ = {
			isa = PBXGroup;
			children = (
				ACB85D521DAC707F00CCFF2D /* thomas.png */,
				ACE2CD031D6BDDBB00182658 /* bora-jogar.png */,
				ACE2CD041D6BDDBB00182658 /* Champions-League-8.jpg */,
			);
			name = Image;
			sourceTree = "<group>";
		};
		AC72EBF31D62881100A657A5 = {
			isa = PBXGroup;
			children = (
				AC5A0D6A1D6E60A100188B56 /* MapKit.framework */,
				AC5A0D681D6E608D00188B56 /* CoreLocation.framework */,
				AC72EBFE1D62881100A657A5 /* thomasfiap */,
				AC72EC131D62881100A657A5 /* thomasfiapTests */,
				AC72EC1E1D62881100A657A5 /* thomasfiapUITests */,
				AC72EBFD1D62881100A657A5 /* Products */,
			);
			sourceTree = "<group>";
		};
		AC72EBFD1D62881100A657A5 /* Products */ = {
			isa = PBXGroup;
			children = (
				AC72EBFC1D62881100A657A5 /* thomasfiap.app */,
				AC72EC101D62881100A657A5 /* thomasfiapTests.xctest */,
				AC72EC1B1D62881100A657A5 /* thomasfiapUITests.xctest */,
			);
			name = Products;
			sourceTree = "<group>";
		};
		AC72EBFE1D62881100A657A5 /* thomasfiap */ = {
			isa = PBXGroup;
			children = (
				AC4DB5B81D65284100FBC4A2 /* Image */,
				AC72EBFF1D62881100A657A5 /* AppDelegate.swift */,
				AC72EC031D62881100A657A5 /* Main.storyboard */,
				AC72EC061D62881100A657A5 /* Assets.xcassets */,
				AC72EC081D62881100A657A5 /* LaunchScreen.storyboard */,
				AC72EC0B1D62881100A657A5 /* Info.plist */,
				AC4DB5B61D65280000FBC4A2 /* LoginViewController.swift */,
				AC4DB5BF1D6541E900FBC4A2 /* CadastroViewController.swift */,
				AC4DB5C31D65475D00FBC4A2 /* background.swift */,
				AC4DB5C91D6548C800FBC4A2 /* navigationImage.swift */,
				AC5A0D661D6E602100188B56 /* MapViewController.swift */,
				AC5A0D6C1D6E7A0600188B56 /* Jogador.swift */,
				AC5A0D6E1D6E7A2B00188B56 /* Quadra.swift */,
				AC52442D1D71F168008055D8 /* FutAnotation.swift */,
				AC15B3E81D74FB9600790E37 /* ListaViewController.swift */,
				AC714E631DA86FF500A0ABFD /* PerfilViewController.swift */,
			);
			path = thomasfiap;
			sourceTree = "<group>";
		};
		AC72EC131D62881100A657A5 /* thomasfiapTests */ = {
			isa = PBXGroup;
			children = (
				AC72EC141D62881100A657A5 /* thomasfiapTests.swift */,
				AC72EC161D62881100A657A5 /* Info.plist */,
			);
			path = thomasfiapTests;
			sourceTree = "<group>";
		};
		AC72EC1E1D62881100A657A5 /* thomasfiapUITests */ = {
			isa = PBXGroup;
			children = (
				AC72EC1F1D62881100A657A5 /* thomasfiapUITests.swift */,
				AC72EC211D62881100A657A5 /* Info.plist */,
			);
			path = thomasfiapUITests;
			sourceTree = "<group>";
		};
/* End PBXGroup section */

/* Begin PBXNativeTarget section */
		AC72EBFB1D62881100A657A5 /* thomasfiap */ = {
			isa = PBXNativeTarget;
			buildConfigurationList = AC72EC241D62881100A657A5 /* Build configuration list for PBXNativeTarget "thomasfiap" */;
			buildPhases = (
				AC72EBF81D62881100A657A5 /* Sources */,
				AC72EBF91D62881100A657A5 /* Frameworks */,
				AC72EBFA1D62881100A657A5 /* Resources */,
			);
			buildRules = (
			);
			dependencies = (
			);
			name = thomasfiap;
			productName = thomasfiap;
			productReference = AC72EBFC1D62881100A657A5 /* thomasfiap.app */;
			productType = "com.apple.product-type.application";
		};
		AC72EC0F1D62881100A657A5 /* thomasfiapTests */ = {
			isa = PBXNativeTarget;
			buildConfigurationList = AC72EC271D62881100A657A5 /* Build configuration list for PBXNativeTarget "thomasfiapTests" */;
			buildPhases = (
				AC72EC0C1D62881100A657A5 /* Sources */,
				AC72EC0D1D62881100A657A5 /* Frameworks */,
				AC72EC0E1D62881100A657A5 /* Resources */,
			);
			buildRules = (
			);
			dependencies = (
				AC72EC121D62881100A657A5 /* PBXTargetDependency */,
			);
			name = thomasfiapTests;
			productName = thomasfiapTests;
			productReference = AC72EC101D62881100A657A5 /* thomasfiapTests.xctest */;
			productType = "com.apple.product-type.bundle.unit-test";
		};
		AC72EC1A1D62881100A657A5 /* thomasfiapUITests */ = {
			isa = PBXNativeTarget;
			buildConfigurationList = AC72EC2A1D62881100A657A5 /* Build configuration list for PBXNativeTarget "thomasfiapUITests" */;
			buildPhases = (
				AC72EC171D62881100A657A5 /* Sources */,
				AC72EC181D62881100A657A5 /* Frameworks */,
				AC72EC191D62881100A657A5 /* Resources */,
			);
			buildRules = (
			);
			dependencies = (
				AC72EC1D1D62881100A657A5 /* PBXTargetDependency */,
			);
			name = thomasfiapUITests;
			productName = thomasfiapUITests;
			productReference = AC72EC1B1D62881100A657A5 /* thomasfiapUITests.xctest */;
			productType = "com.apple.product-type.bundle.ui-testing";
		};
/* End PBXNativeTarget section */

/* Begin PBXProject section */
		AC72EBF41D62881100A657A5 /* Project object */ = {
			isa = PBXProject;
			attributes = {
				LastSwiftUpdateCheck = 0730;
				LastUpgradeCheck = 0730;
				ORGANIZATIONNAME = "Usuário Convidado";
				TargetAttributes = {
					AC72EBFB1D62881100A657A5 = {
						CreatedOnToolsVersion = 7.3.1;
						DevelopmentTeam = 36NA55GBGM;
					};
					AC72EC0F1D62881100A657A5 = {
						CreatedOnToolsVersion = 7.3.1;
						TestTargetID = AC72EBFB1D62881100A657A5;
					};
					AC72EC1A1D62881100A657A5 = {
						CreatedOnToolsVersion = 7.3.1;
						TestTargetID = AC72EBFB1D62881100A657A5;
					};
				};
			};
			buildConfigurationList = AC72EBF71D62881100A657A5 /* Build configuration list for PBXProject "thomasfiap" */;
			compatibilityVersion = "Xcode 3.2";
			developmentRegion = English;
			hasScannedForEncodings = 0;
			knownRegions = (
				en,
				Base,
			);
			mainGroup = AC72EBF31D62881100A657A5;
			productRefGroup = AC72EBFD1D62881100A657A5 /* Products */;
			projectDirPath = "";
			projectRoot = "";
			targets = (
				AC72EBFB1D62881100A657A5 /* thomasfiap */,
				AC72EC0F1D62881100A657A5 /* thomasfiapTests */,
				AC72EC1A1D62881100A657A5 /* thomasfiapUITests */,
			);
		};
/* End PBXProject section */

/* Begin PBXResourcesBuildPhase section */
		AC72EBFA1D62881100A657A5 /* Resources */ = {
			isa = PBXResourcesBuildPhase;
			buildActionMask = 2147483647;
			files = (
				AC72EC0A1D62881100A657A5 /* LaunchScreen.storyboard in Resources */,
				ACB85D531DAC707F00CCFF2D /* thomas.png in Resources */,
				ACE2CD051D6BDDBB00182658 /* bora-jogar.png in Resources */,
				AC72EC071D62881100A657A5 /* Assets.xcassets in Resources */,
				AC72EC051D62881100A657A5 /* Main.storyboard in Resources */,
				ACE2CD061D6BDDBB00182658 /* Champions-League-8.jpg in Resources */,
			);
			runOnlyForDeploymentPostprocessing = 0;
		};
		AC72EC0E1D62881100A657A5 /* Resources */ = {
			isa = PBXResourcesBuildPhase;
			buildActionMask = 2147483647;
			files = (
			);
			runOnlyForDeploymentPostprocessing = 0;
		};
		AC72EC191D62881100A657A5 /* Resources */ = {
			isa = PBXResourcesBuildPhase;
			buildActionMask = 2147483647;
			files = (
			);
			runOnlyForDeploymentPostprocessing = 0;
		};
/* End PBXResourcesBuildPhase section */

/* Begin PBXSourcesBuildPhase section */
		AC72EBF81D62881100A657A5 /* Sources */ = {
			isa = PBXSourcesBuildPhase;
			buildActionMask = 2147483647;
			files = (
				AC4DB5CA1D6548C800FBC4A2 /* navigationImage.swift in Sources */,
				AC5A0D671D6E602100188B56 /* MapViewController.swift in Sources */,
				AC15B3E91D74FB9600790E37 /* ListaViewController.swift in Sources */,
				AC5A0D6D1D6E7A0600188B56 /* Jogador.swift in Sources */,
				AC52442E1D71F168008055D8 /* FutAnotation.swift in Sources */,
				AC4DB5B71D65280000FBC4A2 /* LoginViewController.swift in Sources */,
				AC714E641DA86FF500A0ABFD /* PerfilViewController.swift in Sources */,
				AC72EC001D62881100A657A5 /* AppDelegate.swift in Sources */,
				AC5A0D6F1D6E7A2B00188B56 /* Quadra.swift in Sources */,
				AC4DB5C41D65475D00FBC4A2 /* background.swift in Sources */,
				AC4DB5C01D6541E900FBC4A2 /* CadastroViewController.swift in Sources */,
			);
			runOnlyForDeploymentPostprocessing = 0;
		};
		AC72EC0C1D62881100A657A5 /* Sources */ = {
			isa = PBXSourcesBuildPhase;
			buildActionMask = 2147483647;
			files = (
				AC72EC151D62881100A657A5 /* thomasfiapTests.swift in Sources */,
			);
			runOnlyForDeploymentPostprocessing = 0;
		};
		AC72EC171D62881100A657A5 /* Sources */ = {
			isa = PBXSourcesBuildPhase;
			buildActionMask = 2147483647;
			files = (
				AC72EC201D62881100A657A5 /* thomasfiapUITests.swift in Sources */,
			);
			runOnlyForDeploymentPostprocessing = 0;
		};
/* End PBXSourcesBuildPhase section */

/* Begin PBXTargetDependency section */
		AC72EC121D62881100A657A5 /* PBXTargetDependency */ = {
			isa = PBXTargetDependency;
			target = AC72EBFB1D62881100A657A5 /* thomasfiap */;
			targetProxy = AC72EC111D62881100A657A5 /* PBXContainerItemProxy */;
		};
		AC72EC1D1D62881100A657A5 /* PBXTargetDependency */ = {
			isa = PBXTargetDependency;
			target = AC72EBFB1D62881100A657A5 /* thomasfiap */;
			targetProxy = AC72EC1C1D62881100A657A5 /* PBXContainerItemProxy */;
		};
/* End PBXTargetDependency section */

/* Begin PBXVariantGroup section */
		AC72EC031D62881100A657A5 /* Main.storyboard */ = {
			isa = PBXVariantGroup;
			children = (
				AC72EC041D62881100A657A5 /* Base */,
			);
			name = Main.storyboard;
			sourceTree = "<group>";
		};
		AC72EC081D62881100A657A5 /* LaunchScreen.storyboard */ = {
			isa = PBXVariantGroup;
			children = (
				AC72EC091D62881100A657A5 /* Base */,
			);
			name = LaunchScreen.storyboard;
			sourceTree = "<group>";
		};
/* End PBXVariantGroup section */

/* Begin XCBuildConfiguration section */
		AC72EC221D62881100A657A5 /* Debug */ = {
			isa = XCBuildConfiguration;
			buildSettings = {
				ALWAYS_SEARCH_USER_PATHS = NO;
				CLANG_ANALYZER_NONNULL = YES;
				CLANG_CXX_LANGUAGE_STANDARD = "gnu++0x";
				CLANG_CXX_LIBRARY = "libc++";
				CLANG_ENABLE_MODULES = YES;
				CLANG_ENABLE_OBJC_ARC = YES;
				CLANG_WARN_BOOL_CONVERSION = YES;
				CLANG_WARN_CONSTANT_CONVERSION = YES;
				CLANG_WARN_DIRECT_OBJC_ISA_USAGE = YES_ERROR;
				CLANG_WARN_EMPTY_BODY = YES;
				CLANG_WARN_ENUM_CONVERSION = YES;
				CLANG_WARN_INT_CONVERSION = YES;
				CLANG_WARN_OBJC_ROOT_CLASS = YES_ERROR;
				CLANG_WARN_UNREACHABLE_CODE = YES;
				CLANG_WARN__DUPLICATE_METHOD_MATCH = YES;
				"CODE_SIGN_IDENTITY[sdk=iphoneos*]" = "iPhone Developer";
				COPY_PHASE_STRIP = NO;
				DEBUG_INFORMATION_FORMAT = dwarf;
				ENABLE_STRICT_OBJC_MSGSEND = YES;
				ENABLE_TESTABILITY = YES;
				GCC_C_LANGUAGE_STANDARD = gnu99;
				GCC_DYNAMIC_NO_PIC = NO;
				GCC_NO_COMMON_BLOCKS = YES;
				GCC_OPTIMIZATION_LEVEL = 0;
				GCC_PREPROCESSOR_DEFINITIONS = (
					"DEBUG=1",
					"$(inherited)",
				);
				GCC_WARN_64_TO_32_BIT_CONVERSION = YES;
				GCC_WARN_ABOUT_RETURN_TYPE = YES_ERROR;
				GCC_WARN_UNDECLARED_SELECTOR = YES;
				GCC_WARN_UNINITIALIZED_AUTOS = YES_AGGRESSIVE;
				GCC_WARN_UNUSED_FUNCTION = YES;
				GCC_WARN_UNUSED_VARIABLE = YES;
				IPHONEOS_DEPLOYMENT_TARGET = 9.3;
				MTL_ENABLE_DEBUG_INFO = YES;
				ONLY_ACTIVE_ARCH = YES;
				SDKROOT = iphoneos;
				SWIFT_OPTIMIZATION_LEVEL = "-Onone";
				TARGETED_DEVICE_FAMILY = "1,2";
			};
			name = Debug;
		};
		AC72EC231D62881100A657A5 /* Release */ = {
			isa = XCBuildConfiguration;
			buildSettings = {
				ALWAYS_SEARCH_USER_PATHS = NO;
				CLANG_ANALYZER_NONNULL = YES;
				CLANG_CXX_LANGUAGE_STANDARD = "gnu++0x";
				CLANG_CXX_LIBRARY = "libc++";
				CLANG_ENABLE_MODULES = YES;
				CLANG_ENABLE_OBJC_ARC = YES;
				CLANG_WARN_BOOL_CONVERSION = YES;
				CLANG_WARN_CONSTANT_CONVERSION = YES;
				CLANG_WARN_DIRECT_OBJC_ISA_USAGE = YES_ERROR;
				CLANG_WARN_EMPTY_BODY = YES;
				CLANG_WARN_ENUM_CONVERSION = YES;
				CLANG_WARN_INT_CONVERSION = YES;
				CLANG_WARN_OBJC_ROOT_CLASS = YES_ERROR;
				CLANG_WARN_UNREACHABLE_CODE = YES;
				CLANG_WARN__DUPLICATE_METHOD_MATCH = YES;
				"CODE_SIGN_IDENTITY[sdk=iphoneos*]" = "iPhone Developer";
				COPY_PHASE_STRIP = NO;
				DEBUG_INFORMATION_FORMAT = "dwarf-with-dsym";
				ENABLE_NS_ASSERTIONS = NO;
				ENABLE_STRICT_OBJC_MSGSEND = YES;
				GCC_C_LANGUAGE_STANDARD = gnu99;
				GCC_NO_COMMON_BLOCKS = YES;
				GCC_WARN_64_TO_32_BIT_CONVERSION = YES;
				GCC_WARN_ABOUT_RETURN_TYPE = YES_ERROR;
				GCC_WARN_UNDECLARED_SELECTOR = YES;
				GCC_WARN_UNINITIALIZED_AUTOS = YES_AGGRESSIVE;
				GCC_WARN_UNUSED_FUNCTION = YES;
				GCC_WARN_UNUSED_VARIABLE = YES;
				IPHONEOS_DEPLOYMENT_TARGET = 9.3;
				MTL_ENABLE_DEBUG_INFO = NO;
				SDKROOT = iphoneos;
				TARGETED_DEVICE_FAMILY = "1,2";
				VALIDATE_PRODUCT = YES;
			};
			name = Release;
		};
		AC72EC251D62881100A657A5 /* Debug */ = {
			isa = XCBuildConfiguration;
			buildSettings = {
				ASSETCATALOG_COMPILER_APPICON_NAME = AppIcon;
				CODE_SIGN_IDENTITY = "iPhone Developer";
				"CODE_SIGN_IDENTITY[sdk=iphoneos*]" = "iPhone Developer";
				INFOPLIST_FILE = thomasfiap/Info.plist;
				IPHONEOS_DEPLOYMENT_TARGET = 9.3;
				LD_RUNPATH_SEARCH_PATHS = "$(inherited) @executable_path/Frameworks";
				PRODUCT_BUNDLE_IDENTIFIER = fiap.thomasfiap;
				PRODUCT_NAME = "$(TARGET_NAME)";
				PROVISIONING_PROFILE = "";
			};
			name = Debug;
		};
		AC72EC261D62881100A657A5 /* Release */ = {
			isa = XCBuildConfiguration;
			buildSettings = {
				ASSETCATALOG_COMPILER_APPICON_NAME = AppIcon;
				CODE_SIGN_IDENTITY = "iPhone Developer";
				"CODE_SIGN_IDENTITY[sdk=iphoneos*]" = "iPhone Developer";
				INFOPLIST_FILE = thomasfiap/Info.plist;
				IPHONEOS_DEPLOYMENT_TARGET = 9.3;
				LD_RUNPATH_SEARCH_PATHS = "$(inherited) @executable_path/Frameworks";
				PRODUCT_BUNDLE_IDENTIFIER = fiap.thomasfiap;
				PRODUCT_NAME = "$(TARGET_NAME)";
				PROVISIONING_PROFILE = "";
			};
			name = Release;
		};
		AC72EC281D62881100A657A5 /* Debug */ = {
			isa = XCBuildConfiguration;
			buildSettings = {
				BUNDLE_LOADER = "$(TEST_HOST)";
				INFOPLIST_FILE = thomasfiapTests/Info.plist;
				LD_RUNPATH_SEARCH_PATHS = "$(inherited) @executable_path/Frameworks @loader_path/Frameworks";
				PRODUCT_BUNDLE_IDENTIFIER = fiap.thomasfiapTests;
				PRODUCT_NAME = "$(TARGET_NAME)";
				TEST_HOST = "$(BUILT_PRODUCTS_DIR)/thomasfiap.app/thomasfiap";
			};
			name = Debug;
		};
		AC72EC291D62881100A657A5 /* Release */ = {
			isa = XCBuildConfiguration;
			buildSettings = {
				BUNDLE_LOADER = "$(TEST_HOST)";
				INFOPLIST_FILE = thomasfiapTests/Info.plist;
				LD_RUNPATH_SEARCH_PATHS = "$(inherited) @executable_path/Frameworks @loader_path/Frameworks";
				PRODUCT_BUNDLE_IDENTIFIER = fiap.thomasfiapTests;
				PRODUCT_NAME = "$(TARGET_NAME)";
				TEST_HOST = "$(BUILT_PRODUCTS_DIR)/thomasfiap.app/thomasfiap";
			};
			name = Release;
		};
		AC72EC2B1D62881100A657A5 /* Debug */ = {
			isa = XCBuildConfiguration;
			buildSettings = {
				INFOPLIST_FILE = thomasfiapUITests/Info.plist;
				LD_RUNPATH_SEARCH_PATHS = "$(inherited) @executable_path/Frameworks @loader_path/Frameworks";
				PRODUCT_BUNDLE_IDENTIFIER = fiap.thomasfiapUITests;
				PRODUCT_NAME = "$(TARGET_NAME)";
				TEST_TARGET_NAME = thomasfiap;
			};
			name = Debug;
		};
		AC72EC2C1D62881100A657A5 /* Release */ = {
			isa = XCBuildConfiguration;
			buildSettings = {
				INFOPLIST_FILE = thomasfiapUITests/Info.plist;
				LD_RUNPATH_SEARCH_PATHS = "$(inherited) @executable_path/Frameworks @loader_path/Frameworks";
				PRODUCT_BUNDLE_IDENTIFIER = fiap.thomasfiapUITests;
				PRODUCT_NAME = "$(TARGET_NAME)";
				TEST_TARGET_NAME = thomasfiap;
			};
			name = Release;
		};
/* End XCBuildConfiguration section */

/* Begin XCConfigurationList section */
		AC72EBF71D62881100A657A5 /* Build configuration list for PBXProject "thomasfiap" */ = {
			isa = XCConfigurationList;
			buildConfigurations = (
				AC72EC221D62881100A657A5 /* Debug */,
				AC72EC231D62881100A657A5 /* Release */,
			);
			defaultConfigurationIsVisible = 0;
			defaultConfigurationName = Release;
		};
		AC72EC241D62881100A657A5 /* Build configuration list for PBXNativeTarget "thomasfiap" */ = {
			isa = XCConfigurationList;
			buildConfigurations = (
				AC72EC251D62881100A657A5 /* Debug */,
				AC72EC261D62881100A657A5 /* Release */,
			);
			defaultConfigurationIsVisible = 0;
			defaultConfigurationName = Release;
		};
		AC72EC271D62881100A657A5 /* Build configuration list for PBXNativeTarget "thomasfiapTests" */ = {
			isa = XCConfigurationList;
			buildConfigurations = (
				AC72EC281D62881100A657A5 /* Debug */,
				AC72EC291D62881100A657A5 /* Release */,
			);
			defaultConfigurationIsVisible = 0;
			defaultConfigurationName = Release;
		};
		AC72EC2A1D62881100A657A5 /* Build configuration list for PBXNativeTarget "thomasfiapUITests" */ = {
			isa = XCConfigurationList;
			buildConfigurations = (
				AC72EC2B1D62881100A657A5 /* Debug */,
				AC72EC2C1D62881100A657A5 /* Release */,
			);
			defaultConfigurationIsVisible = 0;
			defaultConfigurationName = Release;
		};
/* End XCConfigurationList section */
	};
	rootObject = AC72EBF41D62881100A657A5 /* Project object */;
}
